
Microsoft Visual Studio Solution File, Format Version 12.00
# Visual Studio Version 17
VisualStudioVersion = 17.14.36301.6 d17.14
MinimumVisualStudioVersion = 10.0.40219.1
Project("{FAE04EC0-301F-11D3-BF4B-00C04F79EFBC}") = "ERDM.Fraud.Service", "ERDM.Fraud.Service\ERDM.Fraud.Service.csproj", "{B5868D38-922F-4722-9FBA-F92BA45D7410}"
EndProject
Global
	GlobalSection(SolutionConfigurationPlatforms) = preSolution
		Debug|Any CPU = Debug|Any CPU
		Release|Any CPU = Release|Any CPU
	EndGlobalSection
	GlobalSection(ProjectConfigurationPlatforms) = postSolution
		{B5868D38-922F-4722-9FBA-F92BA45D7410}.Debug|Any CPU.ActiveCfg = Debug|Any CPU
		{B5868D38-922F-4722-9FBA-F92BA45D7410}.Debug|Any CPU.Build.0 = Debug|Any CPU
		{B5868D38-922F-4722-9FBA-F92BA45D7410}.Release|Any CPU.ActiveCfg = Release|Any CPU
		{B5868D38-922F-4722-9FBA-F92BA45D7410}.Release|Any CPU.Build.0 = Release|Any CPU
	EndGlobalSection
	GlobalSection(SolutionProperties) = preSolution
		HideSolutionNode = FALSE
	EndGlobalSection
	GlobalSection(ExtensibilityGlobals) = postSolution
		SolutionGuid = {B1A25EC8-A5C3-448D-92EA-B871C63C96C6}
	EndGlobalSection
EndGlobal
